// !$*UTF8*$!
{
	archiveVersion = 1;
	classes = {
	};
	objectVersion = 46;
	objects = {

/* Begin PBXBuildFile section */
		AD5E4BC2BD032FFB26401DE4 /* Pods_FRMvvmKit_Demo.framework in Frameworks */ = {isa = PBXBuildFile; fileRef = 2B065BAF39608638F8DE4369 /* Pods_FRMvvmKit_Demo.framework */; };
		D00A4DA61ECC414100BA1B11 /* FRViewController.m in Sources */ = {isa = PBXBuildFile; fileRef = D00A4DA51ECC414100BA1B11 /* FRViewController.m */; };
		D00A4DAF1ECC506400BA1B11 /* NSObject+FRAssociatedObject.m in Sources */ = {isa = PBXBuildFile; fileRef = D00A4DAE1ECC506400BA1B11 /* NSObject+FRAssociatedObject.m */; };
		D088D6681ECBF2CD0065D5AD /* FRViewModel.m in Sources */ = {isa = PBXBuildFile; fileRef = D088D6671ECBF2CD0065D5AD /* FRViewModel.m */; };
		D088D66B1ECBF3150065D5AD /* RVMViewModel.m in Sources */ = {isa = PBXBuildFile; fileRef = D088D66A1ECBF3150065D5AD /* RVMViewModel.m */; };
		D09880EC1EB9DFF200C0DC75 /* main.m in Sources */ = {isa = PBXBuildFile; fileRef = D09880EB1EB9DFF200C0DC75 /* main.m */; };
		D09880EF1EB9DFF200C0DC75 /* AppDelegate.m in Sources */ = {isa = PBXBuildFile; fileRef = D09880EE1EB9DFF200C0DC75 /* AppDelegate.m */; };
		D09880F21EB9DFF200C0DC75 /* ViewController.m in Sources */ = {isa = PBXBuildFile; fileRef = D09880F11EB9DFF200C0DC75 /* ViewController.m */; };
		D09880F51EB9DFF200C0DC75 /* Main.storyboard in Resources */ = {isa = PBXBuildFile; fileRef = D09880F31EB9DFF200C0DC75 /* Main.storyboard */; };
		D09880F71EB9DFF200C0DC75 /* Assets.xcassets in Resources */ = {isa = PBXBuildFile; fileRef = D09880F61EB9DFF200C0DC75 /* Assets.xcassets */; };
		D09880FA1EB9DFF200C0DC75 /* LaunchScreen.storyboard in Resources */ = {isa = PBXBuildFile; fileRef = D09880F81EB9DFF200C0DC75 /* LaunchScreen.storyboard */; };
		D0F0263E1ECD3E990075CBA2 /* FRViewController+FRDemo.m in Sources */ = {isa = PBXBuildFile; fileRef = D0F0263D1ECD3E990075CBA2 /* FRViewController+FRDemo.m */; };
		D0F026411ECD40240075CBA2 /* KMActivityIndicator.m in Sources */ = {isa = PBXBuildFile; fileRef = D0F026401ECD40240075CBA2 /* KMActivityIndicator.m */; };
		D0F026441ECDA0F80075CBA2 /* DemoViewModel.m in Sources */ = {isa = PBXBuildFile; fileRef = D0F026431ECDA0F80075CBA2 /* DemoViewModel.m */; };
/* End PBXBuildFile section */

/* Begin PBXFileReference section */
		0206D0143995EB5F5A6D8A3F /* Pods-FRMvvmKit-Demo.release.xcconfig */ = {isa = PBXFileReference; includeInIndex = 1; lastKnownFileType = text.xcconfig; name = "Pods-FRMvvmKit-Demo.release.xcconfig"; path = "Pods/Target Support Files/Pods-FRMvvmKit-Demo/Pods-FRMvvmKit-Demo.release.xcconfig"; sourceTree = "<group>"; };
		2B065BAF39608638F8DE4369 /* Pods_FRMvvmKit_Demo.framework */ = {isa = PBXFileReference; explicitFileType = wrapper.framework; includeInIndex = 0; path = Pods_FRMvvmKit_Demo.framework; sourceTree = BUILT_PRODUCTS_DIR; };
		2E9B63D577791BE36D02CE67 /* Pods-FRMvvmKit-Demo.debug.xcconfig */ = {isa = PBXFileReference; includeInIndex = 1; lastKnownFileType = text.xcconfig; name = "Pods-FRMvvmKit-Demo.debug.xcconfig"; path = "Pods/Target Support Files/Pods-FRMvvmKit-Demo/Pods-FRMvvmKit-Demo.debug.xcconfig"; sourceTree = "<group>"; };
		D00A4DA41ECC414100BA1B11 /* FRViewController.h */ = {isa = PBXFileReference; fileEncoding = 4; lastKnownFileType = sourcecode.c.h; path = FRViewController.h; sourceTree = "<group>"; };
		D00A4DA51ECC414100BA1B11 /* FRViewController.m */ = {isa = PBXFileReference; fileEncoding = 4; lastKnownFileType = sourcecode.c.objc; path = FRViewController.m; sourceTree = "<group>"; };
		D00A4DA71ECC435000BA1B11 /* FRViewToastProtocol.h */ = {isa = PBXFileReference; fileEncoding = 4; lastKnownFileType = sourcecode.c.h; path = FRViewToastProtocol.h; sourceTree = "<group>"; };
		D00A4DA81ECC436F00BA1B11 /* FRViewControllerProtocol.h */ = {isa = PBXFileReference; fileEncoding = 4; lastKnownFileType = sourcecode.c.h; path = FRViewControllerProtocol.h; sourceTree = "<group>"; };
		D00A4DA91ECC448300BA1B11 /* FRViewNetworkStatusProtocol.h */ = {isa = PBXFileReference; fileEncoding = 4; lastKnownFileType = sourcecode.c.h; path = FRViewNetworkStatusProtocol.h; sourceTree = "<group>"; };
		D00A4DAA1ECC44EA00BA1B11 /* FRViewLoadingProtocol.h */ = {isa = PBXFileReference; fileEncoding = 4; lastKnownFileType = sourcecode.c.h; path = FRViewLoadingProtocol.h; sourceTree = "<group>"; };
		D00A4DAB1ECC454000BA1B11 /* FRViewEmptyProtocol.h */ = {isa = PBXFileReference; fileEncoding = 4; lastKnownFileType = sourcecode.c.h; path = FRViewEmptyProtocol.h; sourceTree = "<group>"; };
		D00A4DAD1ECC506400BA1B11 /* NSObject+FRAssociatedObject.h */ = {isa = PBXFileReference; fileEncoding = 4; lastKnownFileType = sourcecode.c.h; path = "NSObject+FRAssociatedObject.h"; sourceTree = "<group>"; };
		D00A4DAE1ECC506400BA1B11 /* NSObject+FRAssociatedObject.m */ = {isa = PBXFileReference; fileEncoding = 4; lastKnownFileType = sourcecode.c.objc; path = "NSObject+FRAssociatedObject.m"; sourceTree = "<group>"; };
		D088D6661ECBF2CD0065D5AD /* FRViewModel.h */ = {isa = PBXFileReference; fileEncoding = 4; lastKnownFileType = sourcecode.c.h; path = FRViewModel.h; sourceTree = "<group>"; };
		D088D6671ECBF2CD0065D5AD /* FRViewModel.m */ = {isa = PBXFileReference; fileEncoding = 4; lastKnownFileType = sourcecode.c.objc; path = FRViewModel.m; sourceTree = "<group>"; };
		D088D6691ECBF3150065D5AD /* RVMViewModel.h */ = {isa = PBXFileReference; fileEncoding = 4; lastKnownFileType = sourcecode.c.h; path = RVMViewModel.h; sourceTree = "<group>"; };
		D088D66A1ECBF3150065D5AD /* RVMViewModel.m */ = {isa = PBXFileReference; fileEncoding = 4; lastKnownFileType = sourcecode.c.objc; path = RVMViewModel.m; sourceTree = "<group>"; };
		D088D66C1ECBF3860065D5AD /* FRViewModelBecomeActiveProtocol.h */ = {isa = PBXFileReference; fileEncoding = 4; lastKnownFileType = sourcecode.c.h; path = FRViewModelBecomeActiveProtocol.h; sourceTree = "<group>"; };
		D088D66D1ECBF3E70065D5AD /* FRViewModelProtocol.h */ = {isa = PBXFileReference; fileEncoding = 4; lastKnownFileType = sourcecode.c.h; path = FRViewModelProtocol.h; sourceTree = "<group>"; };
		D088D66E1ECBF5D00065D5AD /* FRViewModelDidLoadViewProtocol.h */ = {isa = PBXFileReference; fileEncoding = 4; lastKnownFileType = sourcecode.c.h; path = FRViewModelDidLoadViewProtocol.h; sourceTree = "<group>"; };
		D088D66F1ECBF62A0065D5AD /* FRViewModelDidLayoutSubviewsProtocol.h */ = {isa = PBXFileReference; fileEncoding = 4; lastKnownFileType = sourcecode.c.h; path = FRViewModelDidLayoutSubviewsProtocol.h; sourceTree = "<group>"; };
		D088D6701ECBF6AD0065D5AD /* FRViewModelLoadingProtocol.h */ = {isa = PBXFileReference; fileEncoding = 4; lastKnownFileType = sourcecode.c.h; path = FRViewModelLoadingProtocol.h; sourceTree = "<group>"; };
		D088D6711ECBF73B0065D5AD /* FRViewModelToastProtocol.h */ = {isa = PBXFileReference; fileEncoding = 4; lastKnownFileType = sourcecode.c.h; path = FRViewModelToastProtocol.h; sourceTree = "<group>"; };
		D088D6721ECBFBBF0065D5AD /* FRViewModelEmptyProtocol.h */ = {isa = PBXFileReference; fileEncoding = 4; lastKnownFileType = sourcecode.c.h; path = FRViewModelEmptyProtocol.h; sourceTree = "<group>"; };
		D09880E71EB9DFF200C0DC75 /* FRMvvmKit-Demo.app */ = {isa = PBXFileReference; explicitFileType = wrapper.application; includeInIndex = 0; path = "FRMvvmKit-Demo.app"; sourceTree = BUILT_PRODUCTS_DIR; };
		D09880EB1EB9DFF200C0DC75 /* main.m */ = {isa = PBXFileReference; lastKnownFileType = sourcecode.c.objc; path = main.m; sourceTree = "<group>"; };
		D09880ED1EB9DFF200C0DC75 /* AppDelegate.h */ = {isa = PBXFileReference; lastKnownFileType = sourcecode.c.h; path = AppDelegate.h; sourceTree = "<group>"; };
		D09880EE1EB9DFF200C0DC75 /* AppDelegate.m */ = {isa = PBXFileReference; lastKnownFileType = sourcecode.c.objc; path = AppDelegate.m; sourceTree = "<group>"; };
		D09880F01EB9DFF200C0DC75 /* ViewController.h */ = {isa = PBXFileReference; lastKnownFileType = sourcecode.c.h; path = ViewController.h; sourceTree = "<group>"; };
		D09880F11EB9DFF200C0DC75 /* ViewController.m */ = {isa = PBXFileReference; lastKnownFileType = sourcecode.c.objc; path = ViewController.m; sourceTree = "<group>"; };
		D09880F41EB9DFF200C0DC75 /* Base */ = {isa = PBXFileReference; lastKnownFileType = file.storyboard; name = Base; path = Base.lproj/Main.storyboard; sourceTree = "<group>"; };
		D09880F61EB9DFF200C0DC75 /* Assets.xcassets */ = {isa = PBXFileReference; lastKnownFileType = folder.assetcatalog; path = Assets.xcassets; sourceTree = "<group>"; };
		D09880F91EB9DFF200C0DC75 /* Base */ = {isa = PBXFileReference; lastKnownFileType = file.storyboard; name = Base; path = Base.lproj/LaunchScreen.storyboard; sourceTree = "<group>"; };
		D09880FB1EB9DFF200C0DC75 /* Info.plist */ = {isa = PBXFileReference; lastKnownFileType = text.plist.xml; path = Info.plist; sourceTree = "<group>"; };
		D0F0263C1ECD3E990075CBA2 /* FRViewController+FRDemo.h */ = {isa = PBXFileReference; fileEncoding = 4; lastKnownFileType = sourcecode.c.h; path = "FRViewController+FRDemo.h"; sourceTree = "<group>"; };
		D0F0263D1ECD3E990075CBA2 /* FRViewController+FRDemo.m */ = {isa = PBXFileReference; fileEncoding = 4; lastKnownFileType = sourcecode.c.objc; path = "FRViewController+FRDemo.m"; sourceTree = "<group>"; };
		D0F0263F1ECD40240075CBA2 /* KMActivityIndicator.h */ = {isa = PBXFileReference; fileEncoding = 4; lastKnownFileType = sourcecode.c.h; path = KMActivityIndicator.h; sourceTree = "<group>"; };
		D0F026401ECD40240075CBA2 /* KMActivityIndicator.m */ = {isa = PBXFileReference; fileEncoding = 4; lastKnownFileType = sourcecode.c.objc; path = KMActivityIndicator.m; sourceTree = "<group>"; };
		D0F026421ECDA0F80075CBA2 /* DemoViewModel.h */ = {isa = PBXFileReference; fileEncoding = 4; lastKnownFileType = sourcecode.c.h; path = DemoViewModel.h; sourceTree = "<group>"; };
		D0F026431ECDA0F80075CBA2 /* DemoViewModel.m */ = {isa = PBXFileReference; fileEncoding = 4; lastKnownFileType = sourcecode.c.objc; path = DemoViewModel.m; sourceTree = "<group>"; };
/* End PBXFileReference section */

/* Begin PBXFrameworksBuildPhase section */
		D09880E41EB9DFF200C0DC75 /* Frameworks */ = {
			isa = PBXFrameworksBuildPhase;
			buildActionMask = 2147483647;
			files = (
				AD5E4BC2BD032FFB26401DE4 /* Pods_FRMvvmKit_Demo.framework in Frameworks */,
			);
			runOnlyForDeploymentPostprocessing = 0;
		};
/* End PBXFrameworksBuildPhase section */

/* Begin PBXGroup section */
		65D9FCDB19EEEC2732742CF2 /* Frameworks */ = {
			isa = PBXGroup;
			children = (
				2B065BAF39608638F8DE4369 /* Pods_FRMvvmKit_Demo.framework */,
			);
			name = Frameworks;
			sourceTree = "<group>";
		};
		B893EA1107FB974B0B7DD7B5 /* Pods */ = {
			isa = PBXGroup;
			children = (
				2E9B63D577791BE36D02CE67 /* Pods-FRMvvmKit-Demo.debug.xcconfig */,
				0206D0143995EB5F5A6D8A3F /* Pods-FRMvvmKit-Demo.release.xcconfig */,
			);
			name = Pods;
			sourceTree = "<group>";
		};
		D00A4DA31ECC40BF00BA1B11 /* ViewControllers */ = {
			isa = PBXGroup;
			children = (
				D00A4DA41ECC414100BA1B11 /* FRViewController.h */,
				D00A4DA51ECC414100BA1B11 /* FRViewController.m */,
				D00A4DA81ECC436F00BA1B11 /* FRViewControllerProtocol.h */,
				D00A4DA71ECC435000BA1B11 /* FRViewToastProtocol.h */,
				D00A4DA91ECC448300BA1B11 /* FRViewNetworkStatusProtocol.h */,
				D00A4DAA1ECC44EA00BA1B11 /* FRViewLoadingProtocol.h */,
				D00A4DAB1ECC454000BA1B11 /* FRViewEmptyProtocol.h */,
			);
			path = ViewControllers;
			sourceTree = "<group>";
		};
		D00A4DAC1ECC4FA700BA1B11 /* Additions */ = {
			isa = PBXGroup;
			children = (
				D00A4DAD1ECC506400BA1B11 /* NSObject+FRAssociatedObject.h */,
				D00A4DAE1ECC506400BA1B11 /* NSObject+FRAssociatedObject.m */,
			);
			path = Additions;
			sourceTree = "<group>";
		};
		D088D65E1ECBF09A0065D5AD /* Source */ = {
			isa = PBXGroup;
			children = (
				D088D65F1ECBF09A0065D5AD /* Assets */,
				D088D6611ECBF09A0065D5AD /* Classes */,
			);
			name = Source;
			path = ../Source;
			sourceTree = "<group>";
		};
		D088D65F1ECBF09A0065D5AD /* Assets */ = {
			isa = PBXGroup;
			children = (
			);
			path = Assets;
			sourceTree = "<group>";
		};
		D088D6611ECBF09A0065D5AD /* Classes */ = {
			isa = PBXGroup;
			children = (
				D00A4DAC1ECC4FA700BA1B11 /* Additions */,
				D00A4DA31ECC40BF00BA1B11 /* ViewControllers */,
				D088D6651ECBF2BC0065D5AD /* ViewModels */,
			);
			path = Classes;
			sourceTree = "<group>";
		};
		D088D6651ECBF2BC0065D5AD /* ViewModels */ = {
			isa = PBXGroup;
			children = (
				D088D6691ECBF3150065D5AD /* RVMViewModel.h */,
				D088D66A1ECBF3150065D5AD /* RVMViewModel.m */,
				D088D6661ECBF2CD0065D5AD /* FRViewModel.h */,
				D088D6671ECBF2CD0065D5AD /* FRViewModel.m */,
				D088D66C1ECBF3860065D5AD /* FRViewModelBecomeActiveProtocol.h */,
				D088D66D1ECBF3E70065D5AD /* FRViewModelProtocol.h */,
				D088D66E1ECBF5D00065D5AD /* FRViewModelDidLoadViewProtocol.h */,
				D088D66F1ECBF62A0065D5AD /* FRViewModelDidLayoutSubviewsProtocol.h */,
				D088D6701ECBF6AD0065D5AD /* FRViewModelLoadingProtocol.h */,
				D088D6711ECBF73B0065D5AD /* FRViewModelToastProtocol.h */,
				D088D6721ECBFBBF0065D5AD /* FRViewModelEmptyProtocol.h */,
			);
			path = ViewModels;
			sourceTree = "<group>";
		};
		D09880DE1EB9DFF200C0DC75 = {
			isa = PBXGroup;
			children = (
				D088D65E1ECBF09A0065D5AD /* Source */,
				D09880E91EB9DFF200C0DC75 /* FRMvvmKit */,
				D09880E81EB9DFF200C0DC75 /* Products */,
				B893EA1107FB974B0B7DD7B5 /* Pods */,
				65D9FCDB19EEEC2732742CF2 /* Frameworks */,
			);
			sourceTree = "<group>";
		};
		D09880E81EB9DFF200C0DC75 /* Products */ = {
			isa = PBXGroup;
			children = (
				D09880E71EB9DFF200C0DC75 /* FRMvvmKit-Demo.app */,
			);
			name = Products;
			sourceTree = "<group>";
		};
		D09880E91EB9DFF200C0DC75 /* FRMvvmKit */ = {
			isa = PBXGroup;
			children = (
				D0F0263F1ECD40240075CBA2 /* KMActivityIndicator.h */,
				D0F026401ECD40240075CBA2 /* KMActivityIndicator.m */,
				D09880ED1EB9DFF200C0DC75 /* AppDelegate.h */,
				D09880EE1EB9DFF200C0DC75 /* AppDelegate.m */,
				D09880F01EB9DFF200C0DC75 /* ViewController.h */,
				D09880F11EB9DFF200C0DC75 /* ViewController.m */,
				D09880F31EB9DFF200C0DC75 /* Main.storyboard */,
				D09880F61EB9DFF200C0DC75 /* Assets.xcassets */,
				D09880F81EB9DFF200C0DC75 /* LaunchScreen.storyboard */,
				D09880FB1EB9DFF200C0DC75 /* Info.plist */,
				D09880EA1EB9DFF200C0DC75 /* Supporting Files */,
				D0F0263C1ECD3E990075CBA2 /* FRViewController+FRDemo.h */,
				D0F0263D1ECD3E990075CBA2 /* FRViewController+FRDemo.m */,
				D0F026421ECDA0F80075CBA2 /* DemoViewModel.h */,
				D0F026431ECDA0F80075CBA2 /* DemoViewModel.m */,
			);
			path = FRMvvmKit;
			sourceTree = "<group>";
		};
		D09880EA1EB9DFF200C0DC75 /* Supporting Files */ = {
			isa = PBXGroup;
			children = (
				D09880EB1EB9DFF200C0DC75 /* main.m */,
			);
			name = "Supporting Files";
			sourceTree = "<group>";
		};
/* End PBXGroup section */

/* Begin PBXNativeTarget section */
		D09880E61EB9DFF200C0DC75 /* FRMvvmKit-Demo */ = {
			isa = PBXNativeTarget;
			buildConfigurationList = D09880FE1EB9DFF200C0DC75 /* Build configuration list for PBXNativeTarget "FRMvvmKit-Demo" */;
			buildPhases = (
				F42E980B19091916E1694C9F /* [CP] Check Pods Manifest.lock */,
				D09880E31EB9DFF200C0DC75 /* Sources */,
				D09880E41EB9DFF200C0DC75 /* Frameworks */,
				D09880E51EB9DFF200C0DC75 /* Resources */,
				6A315598B4A88BFD45B6B3D5 /* [CP] Embed Pods Frameworks */,
				93A606978C4E904CF4A1E440 /* [CP] Copy Pods Resources */,
			);
			buildRules = (
			);
			dependencies = (
			);
			name = "FRMvvmKit-Demo";
			productName = FRMvvmKit;
			productReference = D09880E71EB9DFF200C0DC75 /* FRMvvmKit-Demo.app */;
			productType = "com.apple.product-type.application";
		};
/* End PBXNativeTarget section */

/* Begin PBXProject section */
		D09880DF1EB9DFF200C0DC75 /* Project object */ = {
			isa = PBXProject;
			attributes = {
				LastUpgradeCheck = 0830;
				ORGANIZATIONNAME = zengfxios;
				TargetAttributes = {
					D09880E61EB9DFF200C0DC75 = {
						CreatedOnToolsVersion = 8.3.2;
						DevelopmentTeam = AVQ8S7662K;
						ProvisioningStyle = Automatic;
					};
				};
			};
			buildConfigurationList = D09880E21EB9DFF200C0DC75 /* Build configuration list for PBXProject "FRMvvmKit" */;
			compatibilityVersion = "Xcode 3.2";
			developmentRegion = English;
			hasScannedForEncodings = 0;
			knownRegions = (
				en,
				Base,
			);
			mainGroup = D09880DE1EB9DFF200C0DC75;
			productRefGroup = D09880E81EB9DFF200C0DC75 /* Products */;
			projectDirPath = "";
			projectRoot = "";
			targets = (
				D09880E61EB9DFF200C0DC75 /* FRMvvmKit-Demo */,
			);
		};
/* End PBXProject section */

/* Begin PBXResourcesBuildPhase section */
		D09880E51EB9DFF200C0DC75 /* Resources */ = {
			isa = PBXResourcesBuildPhase;
			buildActionMask = 2147483647;
			files = (
				D09880FA1EB9DFF200C0DC75 /* LaunchScreen.storyboard in Resources */,
				D09880F71EB9DFF200C0DC75 /* Assets.xcassets in Resources */,
				D09880F51EB9DFF200C0DC75 /* Main.storyboard in Resources */,
			);
			runOnlyForDeploymentPostprocessing = 0;
		};
/* End PBXResourcesBuildPhase section */

/* Begin PBXShellScriptBuildPhase section */
		6A315598B4A88BFD45B6B3D5 /* [CP] Embed Pods Frameworks */ = {
			isa = PBXShellScriptBuildPhase;
			buildActionMask = 2147483647;
			files = (
			);
			inputPaths = (
			);
			name = "[CP] Embed Pods Frameworks";
			outputPaths = (
			);
			runOnlyForDeploymentPostprocessing = 0;
			shellPath = /bin/sh;
			shellScript = "\"${SRCROOT}/Pods/Target Support Files/Pods-FRMvvmKit-Demo/Pods-FRMvvmKit-Demo-frameworks.sh\"\n";
			showEnvVarsInLog = 0;
		};
		93A606978C4E904CF4A1E440 /* [CP] Copy Pods Resources */ = {
			isa = PBXShellScriptBuildPhase;
			buildActionMask = 2147483647;
			files = (
			);
			inputPaths = (
			);
			name = "[CP] Copy Pods Resources";
			outputPaths = (
			);
			runOnlyForDeploymentPostprocessing = 0;
			shellPath = /bin/sh;
			shellScript = "\"${SRCROOT}/Pods/Target Support Files/Pods-FRMvvmKit-Demo/Pods-FRMvvmKit-Demo-resources.sh\"\n";
			showEnvVarsInLog = 0;
		};
		F42E980B19091916E1694C9F /* [CP] Check Pods Manifest.lock */ = {
			isa = PBXShellScriptBuildPhase;
			buildActionMask = 2147483647;
			files = (
			);
			inputPaths = (
			);
			name = "[CP] Check Pods Manifest.lock";
			outputPaths = (
			);
			runOnlyForDeploymentPostprocessing = 0;
			shellPath = /bin/sh;
			shellScript = "diff \"${PODS_ROOT}/../Podfile.lock\" \"${PODS_ROOT}/Manifest.lock\" > /dev/null\nif [ $? != 0 ] ; then\n    # print error to STDERR\n    echo \"error: The sandbox is not in sync with the Podfile.lock. Run 'pod install' or update your CocoaPods installation.\" >&2\n    exit 1\nfi\n";
			showEnvVarsInLog = 0;
		};
/* End PBXShellScriptBuildPhase section */

/* Begin PBXSourcesBuildPhase section */
		D09880E31EB9DFF200C0DC75 /* Sources */ = {
			isa = PBXSourcesBuildPhase;
			buildActionMask = 2147483647;
			files = (
				D088D6681ECBF2CD0065D5AD /* FRViewModel.m in Sources */,
				D09880F21EB9DFF200C0DC75 /* ViewController.m in Sources */,
				D00A4DA61ECC414100BA1B11 /* FRViewController.m in Sources */,
				D0F026411ECD40240075CBA2 /* KMActivityIndicator.m in Sources */,
				D0F0263E1ECD3E990075CBA2 /* FRViewController+FRDemo.m in Sources */,
				D088D66B1ECBF3150065D5AD /* RVMViewModel.m in Sources */,
				D09880EF1EB9DFF200C0DC75 /* AppDelegate.m in Sources */,
				D09880EC1EB9DFF200C0DC75 /* main.m in Sources */,
				D00A4DAF1ECC506400BA1B11 /* NSObject+FRAssociatedObject.m in Sources */,
				D0F026441ECDA0F80075CBA2 /* DemoViewModel.m in Sources */,
			);
			runOnlyForDeploymentPostprocessing = 0;
		};
/* End PBXSourcesBuildPhase section */

/* Begin PBXVariantGroup section */
		D09880F31EB9DFF200C0DC75 /* Main.storyboard */ = {
			isa = PBXVariantGroup;
			children = (
				D09880F41EB9DFF200C0DC75 /* Base */,
			);
			name = Main.storyboard;
			sourceTree = "<group>";
		};
		D09880F81EB9DFF200C0DC75 /* LaunchScreen.storyboard */ = {
			isa = PBXVariantGroup;
			children = (
				D09880F91EB9DFF200C0DC75 /* Base */,
			);
			name = LaunchScreen.storyboard;
			sourceTree = "<group>";
		};
/* End PBXVariantGroup section */

/* Begin XCBuildConfiguration section */
		D09880FC1EB9DFF200C0DC75 /* Debug */ = {
			isa = XCBuildConfiguration;
			buildSettings = {
				ALWAYS_SEARCH_USER_PATHS = NO;
				CLANG_ANALYZER_NONNULL = YES;
				CLANG_ANALYZER_NUMBER_OBJECT_CONVERSION = YES_AGGRESSIVE;
				CLANG_CXX_LANGUAGE_STANDARD = "gnu++0x";
				CLANG_CXX_LIBRARY = "libc++";
				CLANG_ENABLE_MODULES = YES;
				CLANG_ENABLE_OBJC_ARC = YES;
				CLANG_WARN_BOOL_CONVERSION = YES;
				CLANG_WARN_CONSTANT_CONVERSION = YES;
				CLANG_WARN_DIRECT_OBJC_ISA_USAGE = YES_ERROR;
				CLANG_WARN_DOCUMENTATION_COMMENTS = YES;
				CLANG_WARN_EMPTY_BODY = YES;
				CLANG_WARN_ENUM_CONVERSION = YES;
				CLANG_WARN_INFINITE_RECURSION = YES;
				CLANG_WARN_INT_CONVERSION = YES;
				CLANG_WARN_OBJC_ROOT_CLASS = YES_ERROR;
				CLANG_WARN_SUSPICIOUS_MOVE = YES;
				CLANG_WARN_UNREACHABLE_CODE = YES;
				CLANG_WARN__DUPLICATE_METHOD_MATCH = YES;
				"CODE_SIGN_IDENTITY[sdk=iphoneos*]" = "iPhone Developer";
				COPY_PHASE_STRIP = NO;
				DEBUG_INFORMATION_FORMAT = dwarf;
				ENABLE_STRICT_OBJC_MSGSEND = YES;
				ENABLE_TESTABILITY = YES;
				GCC_C_LANGUAGE_STANDARD = gnu99;
				GCC_DYNAMIC_NO_PIC = NO;
				GCC_NO_COMMON_BLOCKS = YES;
				GCC_OPTIMIZATION_LEVEL = 0;
				GCC_PREPROCESSOR_DEFINITIONS = (
					"DEBUG=1",
					"$(inherited)",
				);
				GCC_WARN_64_TO_32_BIT_CONVERSION = YES;
				GCC_WARN_ABOUT_RETURN_TYPE = YES_ERROR;
				GCC_WARN_UNDECLARED_SELECTOR = YES;
				GCC_WARN_UNINITIALIZED_AUTOS = YES_AGGRESSIVE;
				GCC_WARN_UNUSED_FUNCTION = YES;
				GCC_WARN_UNUSED_VARIABLE = YES;
				IPHONEOS_DEPLOYMENT_TARGET = 10.3;
				MTL_ENABLE_DEBUG_INFO = YES;
				ONLY_ACTIVE_ARCH = YES;
				SDKROOT = iphoneos;
			};
			name = Debug;
		};
		D09880FD1EB9DFF200C0DC75 /* Release */ = {
			isa = XCBuildConfiguration;
			buildSettings = {
				ALWAYS_SEARCH_USER_PATHS = NO;
				CLANG_ANALYZER_NONNULL = YES;
				CLANG_ANALYZER_NUMBER_OBJECT_CONVERSION = YES_AGGRESSIVE;
				CLANG_CXX_LANGUAGE_STANDARD = "gnu++0x";
				CLANG_CXX_LIBRARY = "libc++";
				CLANG_ENABLE_MODULES = YES;
				CLANG_ENABLE_OBJC_ARC = YES;
				CLANG_WARN_BOOL_CONVERSION = YES;
				CLANG_WARN_CONSTANT_CONVERSION = YES;
				CLANG_WARN_DIRECT_OBJC_ISA_USAGE = YES_ERROR;
				CLANG_WARN_DOCUMENTATION_COMMENTS = YES;
				CLANG_WARN_EMPTY_BODY = YES;
				CLANG_WARN_ENUM_CONVERSION = YES;
				CLANG_WARN_INFINITE_RECURSION = YES;
				CLANG_WARN_INT_CONVERSION = YES;
				CLANG_WARN_OBJC_ROOT_CLASS = YES_ERROR;
				CLANG_WARN_SUSPICIOUS_MOVE = YES;
				CLANG_WARN_UNREACHABLE_CODE = YES;
				CLANG_WARN__DUPLICATE_METHOD_MATCH = YES;
				"CODE_SIGN_IDENTITY[sdk=iphoneos*]" = "iPhone Developer";
				COPY_PHASE_STRIP = NO;
				DEBUG_INFORMATION_FORMAT = "dwarf-with-dsym";
				ENABLE_NS_ASSERTIONS = NO;
				ENABLE_STRICT_OBJC_MSGSEND = YES;
				GCC_C_LANGUAGE_STANDARD = gnu99;
				GCC_NO_COMMON_BLOCKS = YES;
				GCC_WARN_64_TO_32_BIT_CONVERSION = YES;
				GCC_WARN_ABOUT_RETURN_TYPE = YES_ERROR;
				GCC_WARN_UNDECLARED_SELECTOR = YES;
				GCC_WARN_UNINITIALIZED_AUTOS = YES_AGGRESSIVE;
				GCC_WARN_UNUSED_FUNCTION = YES;
				GCC_WARN_UNUSED_VARIABLE = YES;
				IPHONEOS_DEPLOYMENT_TARGET = 10.3;
				MTL_ENABLE_DEBUG_INFO = NO;
				SDKROOT = iphoneos;
				VALIDATE_PRODUCT = YES;
			};
			name = Release;
		};
		D09880FF1EB9DFF200C0DC75 /* Debug */ = {
			isa = XCBuildConfiguration;
			baseConfigurationReference = 2E9B63D577791BE36D02CE67 /* Pods-FRMvvmKit-Demo.debug.xcconfig */;
			buildSettings = {
				ASSETCATALOG_COMPILER_APPICON_NAME = AppIcon;
				DEVELOPMENT_TEAM = AVQ8S7662K;
				INFOPLIST_FILE = FRMvvmKit/Info.plist;
				LD_RUNPATH_SEARCH_PATHS = "$(inherited) @executable_path/Frameworks";
				PRODUCT_BUNDLE_IDENTIFIER = zengfxios.FRMvvmKit;
				PRODUCT_NAME = "$(TARGET_NAME)";
				USER_HEADER_SEARCH_PATHS = "${SRCROOT}/**";
			};
			name = Debug;
		};
		D09881001EB9DFF200C0DC75 /* Release */ = {
			isa = XCBuildConfiguration;
			baseConfigurationReference = 0206D0143995EB5F5A6D8A3F /* Pods-FRMvvmKit-Demo.release.xcconfig */;
			buildSettings = {
				ASSETCATALOG_COMPILER_APPICON_NAME = AppIcon;
				DEVELOPMENT_TEAM = AVQ8S7662K;
				INFOPLIST_FILE = FRMvvmKit/Info.plist;
				LD_RUNPATH_SEARCH_PATHS = "$(inherited) @executable_path/Frameworks";
				PRODUCT_BUNDLE_IDENTIFIER = zengfxios.FRMvvmKit;
				PRODUCT_NAME = "$(TARGET_NAME)";
				USER_HEADER_SEARCH_PATHS = "${SRCROOT}/**";
			};
			name = Release;
		};
/* End XCBuildConfiguration section */

/* Begin XCConfigurationList section */
		D09880E21EB9DFF200C0DC75 /* Build configuration list for PBXProject "FRMvvmKit" */ = {
			isa = XCConfigurationList;
			buildConfigurations = (
				D09880FC1EB9DFF200C0DC75 /* Debug */,
				D09880FD1EB9DFF200C0DC75 /* Release */,
			);
			defaultConfigurationIsVisible = 0;
			defaultConfigurationName = Release;
		};
		D09880FE1EB9DFF200C0DC75 /* Build configuration list for PBXNativeTarget "FRMvvmKit-Demo" */ = {
			isa = XCConfigurationList;
			buildConfigurations = (
				D09880FF1EB9DFF200C0DC75 /* Debug */,
				D09881001EB9DFF200C0DC75 /* Release */,
			);
			defaultConfigurationIsVisible = 0;
			defaultConfigurationName = Release;
		};
/* End XCConfigurationList section */
	};
	rootObject = D09880DF1EB9DFF200C0DC75 /* Project object */;
}
